// !$*UTF8*$!
{
	archiveVersion = 1;
	classes = {
	};
	objectVersion = 48;
	objects = {

/* Begin PBXBuildFile section */
		ECF73F9D1FA7D2A800F030FC /* AppDelegate.swift in Sources */ = {isa = PBXBuildFile; fileRef = ECF73F9C1FA7D2A800F030FC /* AppDelegate.swift */; };
		ECF73F9F1FA7D2A800F030FC /* ViewController.swift in Sources */ = {isa = PBXBuildFile; fileRef = ECF73F9E1FA7D2A800F030FC /* ViewController.swift */; };
		ECF73FA21FA7D2A800F030FC /* Main.storyboard in Resources */ = {isa = PBXBuildFile; fileRef = ECF73FA01FA7D2A800F030FC /* Main.storyboard */; };
		ECF73FA41FA7D2A800F030FC /* Assets.xcassets in Resources */ = {isa = PBXBuildFile; fileRef = ECF73FA31FA7D2A800F030FC /* Assets.xcassets */; };
		ECF73FA71FA7D2A800F030FC /* LaunchScreen.storyboard in Resources */ = {isa = PBXBuildFile; fileRef = ECF73FA51FA7D2A800F030FC /* LaunchScreen.storyboard */; };
/* End PBXBuildFile section */

/* Begin PBXFileReference section */
		ECF73F991FA7D2A800F030FC /* Course Gnome.app */ = {isa = PBXFileReference; explicitFileType = wrapper.application; includeInIndex = 0; path = "Course Gnome.app"; sourceTree = BUILT_PRODUCTS_DIR; };
		ECF73F9C1FA7D2A800F030FC /* AppDelegate.swift */ = {isa = PBXFileReference; lastKnownFileType = sourcecode.swift; path = AppDelegate.swift; sourceTree = "<group>"; };
		ECF73F9E1FA7D2A800F030FC /* ViewController.swift */ = {isa = PBXFileReference; lastKnownFileType = sourcecode.swift; path = ViewController.swift; sourceTree = "<group>"; };
		ECF73FA11FA7D2A800F030FC /* Base */ = {isa = PBXFileReference; lastKnownFileType = file.storyboard; name = Base; path = Base.lproj/Main.storyboard; sourceTree = "<group>"; };
		ECF73FA31FA7D2A800F030FC /* Assets.xcassets */ = {isa = PBXFileReference; lastKnownFileType = folder.assetcatalog; path = Assets.xcassets; sourceTree = "<group>"; };
		ECF73FA61FA7D2A800F030FC /* Base */ = {isa = PBXFileReference; lastKnownFileType = file.storyboard; name = Base; path = Base.lproj/LaunchScreen.storyboard; sourceTree = "<group>"; };
		ECF73FA81FA7D2A800F030FC /* Info.plist */ = {isa = PBXFileReference; lastKnownFileType = text.plist.xml; path = Info.plist; sourceTree = "<group>"; };
/* End PBXFileReference section */

/* Begin PBXFrameworksBuildPhase section */
		ECF73F961FA7D2A800F030FC /* Frameworks */ = {
			isa = PBXFrameworksBuildPhase;
			buildActionMask = 2147483647;
			files = (
			);
			runOnlyForDeploymentPostprocessing = 0;
		};
/* End PBXFrameworksBuildPhase section */

/* Begin PBXGroup section */
		ECF73F901FA7D2A800F030FC = {
			isa = PBXGroup;
			children = (
				ECF73F9B1FA7D2A800F030FC /* Course Gnome */,
				ECF73F9A1FA7D2A800F030FC /* Products */,
			);
			sourceTree = "<group>";
		};
		ECF73F9A1FA7D2A800F030FC /* Products */ = {
			isa = PBXGroup;
			children = (
				ECF73F991FA7D2A800F030FC /* Course Gnome.app */,
			);
			name = Products;
			sourceTree = "<group>";
		};
		ECF73F9B1FA7D2A800F030FC /* Course Gnome */ = {
			isa = PBXGroup;
			children = (
				ECF73F9C1FA7D2A800F030FC /* AppDelegate.swift */,
				ECF73F9E1FA7D2A800F030FC /* ViewController.swift */,
				ECF73FA01FA7D2A800F030FC /* Main.storyboard */,
				ECF73FA31FA7D2A800F030FC /* Assets.xcassets */,
				ECF73FA51FA7D2A800F030FC /* LaunchScreen.storyboard */,
				ECF73FA81FA7D2A800F030FC /* Info.plist */,
			);
			path = "Course Gnome";
			sourceTree = "<group>";
		};
/* End PBXGroup section */

/* Begin PBXNativeTarget section */
		ECF73F981FA7D2A800F030FC /* Course Gnome */ = {
			isa = PBXNativeTarget;
			buildConfigurationList = ECF73FAB1FA7D2A800F030FC /* Build configuration list for PBXNativeTarget "Course Gnome" */;
			buildPhases = (
				ECF73F951FA7D2A800F030FC /* Sources */,
				ECF73F961FA7D2A800F030FC /* Frameworks */,
				ECF73F971FA7D2A800F030FC /* Resources */,
			);
			buildRules = (
			);
			dependencies = (
			);
			name = "Course Gnome";
			productName = "Course Gnome";
			productReference = ECF73F991FA7D2A800F030FC /* Course Gnome.app */;
			productType = "com.apple.product-type.application";
		};
/* End PBXNativeTarget section */

/* Begin PBXProject section */
		ECF73F911FA7D2A800F030FC /* Project object */ = {
			isa = PBXProject;
			attributes = {
				LastSwiftUpdateCheck = 0900;
				LastUpgradeCheck = 0900;
				ORGANIZATIONNAME = "Tim Traversy";
				TargetAttributes = {
					ECF73F981FA7D2A800F030FC = {
						CreatedOnToolsVersion = 9.0.1;
						ProvisioningStyle = Automatic;
					};
				};
			};
			buildConfigurationList = ECF73F941FA7D2A800F030FC /* Build configuration list for PBXProject "Course Gnome" */;
			compatibilityVersion = "Xcode 8.0";
			developmentRegion = en;
			hasScannedForEncodings = 0;
			knownRegions = (
				en,
				Base,
			);
			mainGroup = ECF73F901FA7D2A800F030FC;
			productRefGroup = ECF73F9A1FA7D2A800F030FC /* Products */;
			projectDirPath = "";
			projectRoot = "";
			targets = (
				ECF73F981FA7D2A800F030FC /* Course Gnome */,
			);
		};
/* End PBXProject section */

/* Begin PBXResourcesBuildPhase section */
		ECF73F971FA7D2A800F030FC /* Resources */ = {
			isa = PBXResourcesBuildPhase;
			buildActionMask = 2147483647;
			files = (
				ECF73FA71FA7D2A800F030FC /* LaunchScreen.storyboard in Resources */,
				ECF73FA41FA7D2A800F030FC /* Assets.xcassets in Resources */,
				ECF73FA21FA7D2A800F030FC /* Main.storyboard in Resources */,
			);
			runOnlyForDeploymentPostprocessing = 0;
		};
/* End PBXResourcesBuildPhase section */

/* Begin PBXSourcesBuildPhase section */
		ECF73F951FA7D2A800F030FC /* Sources */ = {
			isa = PBXSourcesBuildPhase;
			buildActionMask = 2147483647;
			files = (
				ECF73F9F1FA7D2A800F030FC /* ViewController.swift in Sources */,
				ECF73F9D1FA7D2A800F030FC /* AppDelegate.swift in Sources */,
			);
			runOnlyForDeploymentPostprocessing = 0;
		};
/* End PBXSourcesBuildPhase section */

/* Begin PBXVariantGroup section */
		ECF73FA01FA7D2A800F030FC /* Main.storyboard */ = {
			isa = PBXVariantGroup;
			children = (
				ECF73FA11FA7D2A800F030FC /* Base */,
			);
			name = Main.storyboard;
			sourceTree = "<group>";
		};
		ECF73FA51FA7D2A800F030FC /* LaunchScreen.storyboard */ = {
			isa = PBXVariantGroup;
			children = (
				ECF73FA61FA7D2A800F030FC /* Base */,
			);
			name = LaunchScreen.storyboard;
			sourceTree = "<group>";
		};
/* End PBXVariantGroup section */

/* Begin XCBuildConfiguration section */
		ECF73FA91FA7D2A800F030FC /* Debug */ = {
			isa = XCBuildConfiguration;
			buildSettings = {
				ALWAYS_SEARCH_USER_PATHS = NO;
				CLANG_ANALYZER_NONNULL = YES;
				CLANG_ANALYZER_NUMBER_OBJECT_CONVERSION = YES_AGGRESSIVE;
				CLANG_CXX_LANGUAGE_STANDARD = "gnu++14";
				CLANG_CXX_LIBRARY = "libc++";
				CLANG_ENABLE_MODULES = YES;
				CLANG_ENABLE_OBJC_ARC = YES;
				CLANG_WARN_BLOCK_CAPTURE_AUTORELEASING = YES;
				CLANG_WARN_BOOL_CONVERSION = YES;
				CLANG_WARN_COMMA = YES;
				CLANG_WARN_CONSTANT_CONVERSION = YES;
				CLANG_WARN_DIRECT_OBJC_ISA_USAGE = YES_ERROR;
				CLANG_WARN_DOCUMENTATION_COMMENTS = YES;
				CLANG_WARN_EMPTY_BODY = YES;
				CLANG_WARN_ENUM_CONVERSION = YES;
				CLANG_WARN_INFINITE_RECURSION = YES;
				CLANG_WARN_INT_CONVERSION = YES;
				CLANG_WARN_NON_LITERAL_NULL_CONVERSION = YES;
				CLANG_WARN_OBJC_LITERAL_CONVERSION = YES;
				CLANG_WARN_OBJC_ROOT_CLASS = YES_ERROR;
				CLANG_WARN_RANGE_LOOP_ANALYSIS = YES;
				CLANG_WARN_STRICT_PROTOTYPES = YES;
				CLANG_WARN_SUSPICIOUS_MOVE = YES;
				CLANG_WARN_UNGUARDED_AVAILABILITY = YES_AGGRESSIVE;
				CLANG_WARN_UNREACHABLE_CODE = YES;
				CLANG_WARN__DUPLICATE_METHOD_MATCH = YES;
				CODE_SIGN_IDENTITY = "iPhone Developer";
				COPY_PHASE_STRIP = NO;
				DEBUG_INFORMATION_FORMAT = dwarf;
				ENABLE_STRICT_OBJC_MSGSEND = YES;
				ENABLE_TESTABILITY = YES;
				GCC_C_LANGUAGE_STANDARD = gnu11;
				GCC_DYNAMIC_NO_PIC = NO;
				GCC_NO_COMMON_BLOCKS = YES;
				GCC_OPTIMIZATION_LEVEL = 0;
				GCC_PREPROCESSOR_DEFINITIONS = (
					"DEBUG=1",
					"$(inherited)",
				);
				GCC_WARN_64_TO_32_BIT_CONVERSION = YES;
				GCC_WARN_ABOUT_RETURN_TYPE = YES_ERROR;
				GCC_WARN_UNDECLARED_SELECTOR = YES;
				GCC_WARN_UNINITIALIZED_AUTOS = YES_AGGRESSIVE;
				GCC_WARN_UNUSED_FUNCTION = YES;
				GCC_WARN_UNUSED_VARIABLE = YES;
				IPHONEOS_DEPLOYMENT_TARGET = 11.0;
				MTL_ENABLE_DEBUG_INFO = YES;
				ONLY_ACTIVE_ARCH = YES;
				SDKROOT = iphoneos;
				SWIFT_ACTIVE_COMPILATION_CONDITIONS = DEBUG;
				SWIFT_OPTIMIZATION_LEVEL = "-Onone";
			};
			name = Debug;
		};
		ECF73FAA1FA7D2A800F030FC /* Release */ = {
			isa = XCBuildConfiguration;
			buildSettings = {
				ALWAYS_SEARCH_USER_PATHS = NO;
				CLANG_ANALYZER_NONNULL = YES;
				CLANG_ANALYZER_NUMBER_OBJECT_CONVERSION = YES_AGGRESSIVE;
				CLANG_CXX_LANGUAGE_STANDARD = "gnu++14";
				CLANG_CXX_LIBRARY = "libc++";
				CLANG_ENABLE_MODULES = YES;
				CLANG_ENABLE_OBJC_ARC = YES;
				CLANG_WARN_BLOCK_CAPTURE_AUTORELEASING = YES;
				CLANG_WARN_BOOL_CONVERSION = YES;
				CLANG_WARN_COMMA = YES;
				CLANG_WARN_CONSTANT_CONVERSION = YES;
				CLANG_WARN_DIRECT_OBJC_ISA_USAGE = YES_ERROR;
				CLANG_WARN_DOCUMENTATION_COMMENTS = YES;
				CLANG_WARN_EMPTY_BODY = YES;
				CLANG_WARN_ENUM_CONVERSION = YES;
				CLANG_WARN_INFINITE_RECURSION = YES;
				CLANG_WARN_INT_CONVERSION = YES;
				CLANG_WARN_NON_LITERAL_NULL_CONVERSION = YES;
				CLANG_WARN_OBJC_LITERAL_CONVERSION = YES;
				CLANG_WARN_OBJC_ROOT_CLASS = YES_ERROR;
				CLANG_WARN_RANGE_LOOP_ANALYSIS = YES;
				CLANG_WARN_STRICT_PROTOTYPES = YES;
				CLANG_WARN_SUSPICIOUS_MOVE = YES;
				CLANG_WARN_UNGUARDED_AVAILABILITY = YES_AGGRESSIVE;
				CLANG_WARN_UNREACHABLE_CODE = YES;
				CLANG_WARN__DUPLICATE_METHOD_MATCH = YES;
				CODE_SIGN_IDENTITY = "iPhone Developer";
				COPY_PHASE_STRIP = NO;
				DEBUG_INFORMATION_FORMAT = "dwarf-with-dsym";
				ENABLE_NS_ASSERTIONS = NO;
				ENABLE_STRICT_OBJC_MSGSEND = YES;
				GCC_C_LANGUAGE_STANDARD = gnu11;
				GCC_NO_COMMON_BLOCKS = YES;
				GCC_WARN_64_TO_32_BIT_CONVERSION = YES;
				GCC_WARN_ABOUT_RETURN_TYPE = YES_ERROR;
				GCC_WARN_UNDECLARED_SELECTOR = YES;
				GCC_WARN_UNINITIALIZED_AUTOS = YES_AGGRESSIVE;
				GCC_WARN_UNUSED_FUNCTION = YES;
				GCC_WARN_UNUSED_VARIABLE = YES;
				IPHONEOS_DEPLOYMENT_TARGET = 11.0;
				MTL_ENABLE_DEBUG_INFO = NO;
				SDKROOT = iphoneos;
				SWIFT_OPTIMIZATION_LEVEL = "-Owholemodule";
				VALIDATE_PRODUCT = YES;
			};
			name = Release;
		};
		ECF73FAC1FA7D2A800F030FC /* Debug */ = {
			isa = XCBuildConfiguration;
			buildSettings = {
				ASSETCATALOG_COMPILER_APPICON_NAME = AppIcon;
				CODE_SIGN_STYLE = Automatic;
				DEVELOPMENT_TEAM = AW3JDRAG27;
				INFOPLIST_FILE = "Course Gnome/Info.plist";
				LD_RUNPATH_SEARCH_PATHS = "$(inherited) @executable_path/Frameworks";
				PRODUCT_BUNDLE_IDENTIFIER = "com.traversy.Course-Gnome";
				PRODUCT_NAME = "$(TARGET_NAME)";
				SWIFT_VERSION = 4.0;
				TARGETED_DEVICE_FAMILY = "1,2";
			};
			name = Debug;
		};
		ECF73FAD1FA7D2A800F030FC /* Release */ = {
			isa = XCBuildConfiguration;
			buildSettings = {
				ASSETCATALOG_COMPILER_APPICON_NAME = AppIcon;
				CODE_SIGN_STYLE = Automatic;
				DEVELOPMENT_TEAM = AW3JDRAG27;
				INFOPLIST_FILE = "Course Gnome/Info.plist";
				LD_RUNPATH_SEARCH_PATHS = "$(inherited) @executable_path/Frameworks";
				PRODUCT_BUNDLE_IDENTIFIER = "com.traversy.Course-Gnome";
				PRODUCT_NAME = "$(TARGET_NAME)";
				SWIFT_VERSION = 4.0;
				TARGETED_DEVICE_FAMILY = "1,2";
			};
			name = Release;
		};
/* End XCBuildConfiguration section */

/* Begin XCConfigurationList section */
		ECF73F941FA7D2A800F030FC /* Build configuration list for PBXProject "Course Gnome" */ = {
			isa = XCConfigurationList;
			buildConfigurations = (
				ECF73FA91FA7D2A800F030FC /* Debug */,
				ECF73FAA1FA7D2A800F030FC /* Release */,
			);
			defaultConfigurationIsVisible = 0;
			defaultConfigurationName = Release;
		};
		ECF73FAB1FA7D2A800F030FC /* Build configuration list for PBXNativeTarget "Course Gnome" */ = {
			isa = XCConfigurationList;
			buildConfigurations = (
				ECF73FAC1FA7D2A800F030FC /* Debug */,
				ECF73FAD1FA7D2A800F030FC /* Release */,
			);
			defaultConfigurationIsVisible = 0;
			defaultConfigurationName = Release;
		};
/* End XCConfigurationList section */
	};
	rootObject = ECF73F911FA7D2A800F030FC /* Project object */;
}
