// !$*UTF8*$!
{
	archiveVersion = 1;
	classes = {
	};
	objectVersion = 48;
	objects = {

/* Begin PBXBuildFile section */
		27A100D781C66EFA45D73938 /* Pods_Course_Gnome.framework in Frameworks */ = {isa = PBXBuildFile; fileRef = 1AFBAAE2DA9EBC15F77AC328 /* Pods_Course_Gnome.framework */; };
		EC308FCC1FF2D54500D17163 /* Assets.xcassets in Resources */ = {isa = PBXBuildFile; fileRef = EC308FCB1FF2D54400D17163 /* Assets.xcassets */; };
		EC4F85F31FEF55F000D795B9 /* FilterNavigationController.swift in Sources */ = {isa = PBXBuildFile; fileRef = EC4F85F21FEF55F000D795B9 /* FilterNavigationController.swift */; };
		EC5926531FCCE81C00E73268 /* CourseListViewController.swift in Sources */ = {isa = PBXBuildFile; fileRef = EC5926521FCCE81C00E73268 /* CourseListViewController.swift */; };
		EC5A79541FC8A52900F38F34 /* TabBarController.swift in Sources */ = {isa = PBXBuildFile; fileRef = EC5A79531FC8A52900F38F34 /* TabBarController.swift */; };
		EC5BAE141FEB61850056448F /* PersistanceManager.swift in Sources */ = {isa = PBXBuildFile; fileRef = EC5BAE131FEB61850056448F /* PersistanceManager.swift */; };
		ECB975161FECAB5B00989467 /* CourseDetailViewController.swift in Sources */ = {isa = PBXBuildFile; fileRef = ECB975151FECAB5B00989467 /* CourseDetailViewController.swift */; };
		ECB975181FECAD7500989467 /* FilterViewController.swift in Sources */ = {isa = PBXBuildFile; fileRef = ECB975171FECAD7500989467 /* FilterViewController.swift */; };
		ECBA71981FCDC95100B7364A /* SearchBox.swift in Sources */ = {isa = PBXBuildFile; fileRef = ECBA71971FCDC95100B7364A /* SearchBox.swift */; };
		ECC8E56F1FCFAF9200E49DCE /* CalendarViewController.swift in Sources */ = {isa = PBXBuildFile; fileRef = ECC8E56E1FCFAF9200E49DCE /* CalendarViewController.swift */; };
		ECCB1BAA1FC54DCA00DB7EB9 /* PullCourses.swift in Sources */ = {isa = PBXBuildFile; fileRef = ECCB1BA91FC54DCA00DB7EB9 /* PullCourses.swift */; };
		ECCB1BAE1FC553C200DB7EB9 /* Course.swift in Sources */ = {isa = PBXBuildFile; fileRef = ECCB1BAD1FC553C200DB7EB9 /* Course.swift */; };
		ECDC03D01FBBF93C00B97C7E /* GoogleService-Info.plist in Resources */ = {isa = PBXBuildFile; fileRef = ECDC03CF1FBBF93C00B97C7E /* GoogleService-Info.plist */; };
		ECF5BD5F1FC4CE99006988B9 /* ProfileViewController.swift in Sources */ = {isa = PBXBuildFile; fileRef = ECF5BD5E1FC4CE99006988B9 /* ProfileViewController.swift */; };
		ECF5BD611FC4CED6006988B9 /* SearchViewController.swift in Sources */ = {isa = PBXBuildFile; fileRef = ECF5BD601FC4CED6006988B9 /* SearchViewController.swift */; };
		ECF5BD651FC4D202006988B9 /* SearchNavigationController.swift in Sources */ = {isa = PBXBuildFile; fileRef = ECF5BD641FC4D202006988B9 /* SearchNavigationController.swift */; };
		ECF73F9D1FA7D2A800F030FC /* AppDelegate.swift in Sources */ = {isa = PBXBuildFile; fileRef = ECF73F9C1FA7D2A800F030FC /* AppDelegate.swift */; };
		ECF73F9F1FA7D2A800F030FC /* ViewController.swift in Sources */ = {isa = PBXBuildFile; fileRef = ECF73F9E1FA7D2A800F030FC /* ViewController.swift */; };
		ECF73FA21FA7D2A800F030FC /* Main.storyboard in Resources */ = {isa = PBXBuildFile; fileRef = ECF73FA01FA7D2A800F030FC /* Main.storyboard */; };
		ECF73FA71FA7D2A800F030FC /* LaunchScreen.storyboard in Resources */ = {isa = PBXBuildFile; fileRef = ECF73FA51FA7D2A800F030FC /* LaunchScreen.storyboard */; };
/* End PBXBuildFile section */

/* Begin PBXFileReference section */
		1AFBAAE2DA9EBC15F77AC328 /* Pods_Course_Gnome.framework */ = {isa = PBXFileReference; explicitFileType = wrapper.framework; includeInIndex = 0; path = Pods_Course_Gnome.framework; sourceTree = BUILT_PRODUCTS_DIR; };
		5A1BFBF6E93E5DEE43688DEC /* Pods-Course Gnome.debug.xcconfig */ = {isa = PBXFileReference; includeInIndex = 1; lastKnownFileType = text.xcconfig; name = "Pods-Course Gnome.debug.xcconfig"; path = "Pods/Target Support Files/Pods-Course Gnome/Pods-Course Gnome.debug.xcconfig"; sourceTree = "<group>"; };
		D1D0B79AF72E4DBF39B2A884 /* Pods-Course Gnome.release.xcconfig */ = {isa = PBXFileReference; includeInIndex = 1; lastKnownFileType = text.xcconfig; name = "Pods-Course Gnome.release.xcconfig"; path = "Pods/Target Support Files/Pods-Course Gnome/Pods-Course Gnome.release.xcconfig"; sourceTree = "<group>"; };
		EC308FCB1FF2D54400D17163 /* Assets.xcassets */ = {isa = PBXFileReference; lastKnownFileType = folder.assetcatalog; path = Assets.xcassets; sourceTree = "<group>"; };
		EC4F85F21FEF55F000D795B9 /* FilterNavigationController.swift */ = {isa = PBXFileReference; fileEncoding = 4; lastKnownFileType = sourcecode.swift; path = FilterNavigationController.swift; sourceTree = "<group>"; };
		EC5926521FCCE81C00E73268 /* CourseListViewController.swift */ = {isa = PBXFileReference; lastKnownFileType = sourcecode.swift; path = CourseListViewController.swift; sourceTree = "<group>"; };
		EC5A79531FC8A52900F38F34 /* TabBarController.swift */ = {isa = PBXFileReference; lastKnownFileType = sourcecode.swift; path = TabBarController.swift; sourceTree = "<group>"; };
		EC5BAE131FEB61850056448F /* PersistanceManager.swift */ = {isa = PBXFileReference; lastKnownFileType = sourcecode.swift; path = PersistanceManager.swift; sourceTree = "<group>"; };
		ECB975151FECAB5B00989467 /* CourseDetailViewController.swift */ = {isa = PBXFileReference; lastKnownFileType = sourcecode.swift; path = CourseDetailViewController.swift; sourceTree = "<group>"; };
		ECB975171FECAD7500989467 /* FilterViewController.swift */ = {isa = PBXFileReference; lastKnownFileType = sourcecode.swift; path = FilterViewController.swift; sourceTree = "<group>"; };
		ECBA71971FCDC95100B7364A /* SearchBox.swift */ = {isa = PBXFileReference; lastKnownFileType = sourcecode.swift; path = SearchBox.swift; sourceTree = "<group>"; };
		ECC8E56E1FCFAF9200E49DCE /* CalendarViewController.swift */ = {isa = PBXFileReference; lastKnownFileType = sourcecode.swift; path = CalendarViewController.swift; sourceTree = "<group>"; };
		ECCB1BA91FC54DCA00DB7EB9 /* PullCourses.swift */ = {isa = PBXFileReference; fileEncoding = 4; lastKnownFileType = sourcecode.swift; path = PullCourses.swift; sourceTree = "<group>"; };
		ECCB1BAD1FC553C200DB7EB9 /* Course.swift */ = {isa = PBXFileReference; lastKnownFileType = sourcecode.swift; path = Course.swift; sourceTree = "<group>"; };
		ECDC03CF1FBBF93C00B97C7E /* GoogleService-Info.plist */ = {isa = PBXFileReference; fileEncoding = 4; lastKnownFileType = text.plist.xml; path = "GoogleService-Info.plist"; sourceTree = "<group>"; };
		ECF5BD5E1FC4CE99006988B9 /* ProfileViewController.swift */ = {isa = PBXFileReference; lastKnownFileType = sourcecode.swift; path = ProfileViewController.swift; sourceTree = "<group>"; };
		ECF5BD601FC4CED6006988B9 /* SearchViewController.swift */ = {isa = PBXFileReference; fileEncoding = 4; lastKnownFileType = sourcecode.swift; path = SearchViewController.swift; sourceTree = "<group>"; };
		ECF5BD641FC4D202006988B9 /* SearchNavigationController.swift */ = {isa = PBXFileReference; lastKnownFileType = sourcecode.swift; path = SearchNavigationController.swift; sourceTree = "<group>"; };
		ECF73F991FA7D2A800F030FC /* Course Gnome.app */ = {isa = PBXFileReference; explicitFileType = wrapper.application; includeInIndex = 0; path = "Course Gnome.app"; sourceTree = BUILT_PRODUCTS_DIR; };
		ECF73F9C1FA7D2A800F030FC /* AppDelegate.swift */ = {isa = PBXFileReference; lastKnownFileType = sourcecode.swift; path = AppDelegate.swift; sourceTree = "<group>"; };
		ECF73F9E1FA7D2A800F030FC /* ViewController.swift */ = {isa = PBXFileReference; lastKnownFileType = sourcecode.swift; path = ViewController.swift; sourceTree = "<group>"; };
		ECF73FA11FA7D2A800F030FC /* Base */ = {isa = PBXFileReference; lastKnownFileType = file.storyboard; name = Base; path = Base.lproj/Main.storyboard; sourceTree = "<group>"; };
		ECF73FA61FA7D2A800F030FC /* Base */ = {isa = PBXFileReference; lastKnownFileType = file.storyboard; name = Base; path = Base.lproj/LaunchScreen.storyboard; sourceTree = "<group>"; };
		ECF73FA81FA7D2A800F030FC /* Info.plist */ = {isa = PBXFileReference; lastKnownFileType = text.plist.xml; path = Info.plist; sourceTree = "<group>"; };
/* End PBXFileReference section */

/* Begin PBXFrameworksBuildPhase section */
		ECF73F961FA7D2A800F030FC /* Frameworks */ = {
			isa = PBXFrameworksBuildPhase;
			buildActionMask = 2147483647;
			files = (
				27A100D781C66EFA45D73938 /* Pods_Course_Gnome.framework in Frameworks */,
			);
			runOnlyForDeploymentPostprocessing = 0;
		};
/* End PBXFrameworksBuildPhase section */

/* Begin PBXGroup section */
		1423274F027513AE74EBD24B /* Pods */ = {
			isa = PBXGroup;
			children = (
				5A1BFBF6E93E5DEE43688DEC /* Pods-Course Gnome.debug.xcconfig */,
				D1D0B79AF72E4DBF39B2A884 /* Pods-Course Gnome.release.xcconfig */,
			);
			name = Pods;
			sourceTree = "<group>";
		};
		36B3478CA9FABDF0CE63C9C4 /* Frameworks */ = {
			isa = PBXGroup;
			children = (
				1AFBAAE2DA9EBC15F77AC328 /* Pods_Course_Gnome.framework */,
			);
			name = Frameworks;
			sourceTree = "<group>";
		};
		EC4F85F81FF0C0F900D795B9 /* SwiftRangeSlider */ = {
			isa = PBXGroup;
			children = (
			);
			path = SwiftRangeSlider;
			sourceTree = "<group>";
		};
		EC5BAE121FEB61490056448F /* data */ = {
			isa = PBXGroup;
			children = (
				EC5BAE131FEB61850056448F /* PersistanceManager.swift */,
			);
			path = data;
			sourceTree = "<group>";
		};
		EC6A74C91FC33F810039840C /* model */ = {
			isa = PBXGroup;
			children = (
				ECCB1BAD1FC553C200DB7EB9 /* Course.swift */,
			);
			path = model;
			sourceTree = "<group>";
		};
		EC6A74CB1FC33F900039840C /* view */ = {
			isa = PBXGroup;
			children = (
				EC308FCB1FF2D54400D17163 /* Assets.xcassets */,
				ECBA71971FCDC95100B7364A /* SearchBox.swift */,
				ECF73FA01FA7D2A800F030FC /* Main.storyboard */,
				ECF73FA51FA7D2A800F030FC /* LaunchScreen.storyboard */,
			);
			path = view;
			sourceTree = "<group>";
		};
		EC6A74CC1FC33F970039840C /* controller */ = {
			isa = PBXGroup;
			children = (
				ECF73F9E1FA7D2A800F030FC /* ViewController.swift */,
				ECF5BD601FC4CED6006988B9 /* SearchViewController.swift */,
				ECF5BD5E1FC4CE99006988B9 /* ProfileViewController.swift */,
				ECF5BD641FC4D202006988B9 /* SearchNavigationController.swift */,
				EC4F85F21FEF55F000D795B9 /* FilterNavigationController.swift */,
				EC5A79531FC8A52900F38F34 /* TabBarController.swift */,
				EC5926521FCCE81C00E73268 /* CourseListViewController.swift */,
				ECC8E56E1FCFAF9200E49DCE /* CalendarViewController.swift */,
				ECB975151FECAB5B00989467 /* CourseDetailViewController.swift */,
				ECB975171FECAD7500989467 /* FilterViewController.swift */,
			);
			path = controller;
			sourceTree = "<group>";
		};
		EC6A74CD1FC33FA50039840C /* app */ = {
			isa = PBXGroup;
			children = (
				ECF73F9C1FA7D2A800F030FC /* AppDelegate.swift */,
				ECDC03CF1FBBF93C00B97C7E /* GoogleService-Info.plist */,
				ECF73FA81FA7D2A800F030FC /* Info.plist */,
			);
			path = app;
			sourceTree = "<group>";
		};
		EC977C981FBB99E600611C47 /* utils */ = {
			isa = PBXGroup;
			children = (
				ECCB1BA91FC54DCA00DB7EB9 /* PullCourses.swift */,
			);
			path = utils;
			sourceTree = "<group>";
		};
		ECF73F901FA7D2A800F030FC = {
			isa = PBXGroup;
			children = (
				ECF73F9B1FA7D2A800F030FC /* Course Gnome */,
				ECF73F9A1FA7D2A800F030FC /* Products */,
				1423274F027513AE74EBD24B /* Pods */,
				36B3478CA9FABDF0CE63C9C4 /* Frameworks */,
			);
			sourceTree = "<group>";
		};
		ECF73F9A1FA7D2A800F030FC /* Products */ = {
			isa = PBXGroup;
			children = (
				ECF73F991FA7D2A800F030FC /* Course Gnome.app */,
			);
			name = Products;
			sourceTree = "<group>";
		};
		ECF73F9B1FA7D2A800F030FC /* Course Gnome */ = {
			isa = PBXGroup;
			children = (
				EC4F85F81FF0C0F900D795B9 /* SwiftRangeSlider */,
				EC5BAE121FEB61490056448F /* data */,
				EC6A74CD1FC33FA50039840C /* app */,
				EC6A74CC1FC33F970039840C /* controller */,
				EC6A74CB1FC33F900039840C /* view */,
				EC6A74C91FC33F810039840C /* model */,
				EC977C981FBB99E600611C47 /* utils */,
			);
			path = "Course Gnome";
			sourceTree = "<group>";
		};
/* End PBXGroup section */

/* Begin PBXNativeTarget section */
		ECF73F981FA7D2A800F030FC /* Course Gnome */ = {
			isa = PBXNativeTarget;
			buildConfigurationList = ECF73FAB1FA7D2A800F030FC /* Build configuration list for PBXNativeTarget "Course Gnome" */;
			buildPhases = (
				D1D3297D5008000F64232D8A /* [CP] Check Pods Manifest.lock */,
				ECF73F951FA7D2A800F030FC /* Sources */,
				ECF73F961FA7D2A800F030FC /* Frameworks */,
				ECF73F971FA7D2A800F030FC /* Resources */,
				C6103E77C8D2C8BFF18C8701 /* [CP] Embed Pods Frameworks */,
				5C6C38DE1809C8EE10CDDA79 /* [CP] Copy Pods Resources */,
			);
			buildRules = (
			);
			dependencies = (
			);
			name = "Course Gnome";
			productName = "Course Gnome";
			productReference = ECF73F991FA7D2A800F030FC /* Course Gnome.app */;
			productType = "com.apple.product-type.application";
		};
/* End PBXNativeTarget section */

/* Begin PBXProject section */
		ECF73F911FA7D2A800F030FC /* Project object */ = {
			isa = PBXProject;
			attributes = {
				LastSwiftUpdateCheck = 0900;
				LastUpgradeCheck = 0910;
				ORGANIZATIONNAME = "Tim Traversy";
				TargetAttributes = {
					ECF73F981FA7D2A800F030FC = {
						CreatedOnToolsVersion = 9.0.1;
						ProvisioningStyle = Automatic;
						SystemCapabilities = {
							com.apple.Keychain = {
								enabled = 0;
							};
						};
					};
				};
			};
			buildConfigurationList = ECF73F941FA7D2A800F030FC /* Build configuration list for PBXProject "Course Gnome" */;
			compatibilityVersion = "Xcode 8.0";
			developmentRegion = en;
			hasScannedForEncodings = 0;
			knownRegions = (
				en,
				Base,
			);
			mainGroup = ECF73F901FA7D2A800F030FC;
			productRefGroup = ECF73F9A1FA7D2A800F030FC /* Products */;
			projectDirPath = "";
			projectRoot = "";
			targets = (
				ECF73F981FA7D2A800F030FC /* Course Gnome */,
			);
		};
/* End PBXProject section */

/* Begin PBXResourcesBuildPhase section */
		ECF73F971FA7D2A800F030FC /* Resources */ = {
			isa = PBXResourcesBuildPhase;
			buildActionMask = 2147483647;
			files = (
				ECF73FA71FA7D2A800F030FC /* LaunchScreen.storyboard in Resources */,
				ECDC03D01FBBF93C00B97C7E /* GoogleService-Info.plist in Resources */,
				EC308FCC1FF2D54500D17163 /* Assets.xcassets in Resources */,
				ECF73FA21FA7D2A800F030FC /* Main.storyboard in Resources */,
			);
			runOnlyForDeploymentPostprocessing = 0;
		};
/* End PBXResourcesBuildPhase section */

/* Begin PBXShellScriptBuildPhase section */
		5C6C38DE1809C8EE10CDDA79 /* [CP] Copy Pods Resources */ = {
			isa = PBXShellScriptBuildPhase;
			buildActionMask = 2147483647;
			files = (
			);
			inputPaths = (
				"${SRCROOT}/Pods/Target Support Files/Pods-Course Gnome/Pods-Course Gnome-resources.sh",
				"${PODS_CONFIGURATION_BUILD_DIR}/FirebaseUI/FirebaseAuthUI.bundle",
				"${PODS_CONFIGURATION_BUILD_DIR}/FirebaseUI/FirebaseFacebookAuthUI.bundle",
			);
			name = "[CP] Copy Pods Resources";
			outputPaths = (
				"${TARGET_BUILD_DIR}/${UNLOCALIZED_RESOURCES_FOLDER_PATH}",
			);
			runOnlyForDeploymentPostprocessing = 0;
			shellPath = /bin/sh;
			shellScript = "\"${SRCROOT}/Pods/Target Support Files/Pods-Course Gnome/Pods-Course Gnome-resources.sh\"\n";
			showEnvVarsInLog = 0;
		};
		C6103E77C8D2C8BFF18C8701 /* [CP] Embed Pods Frameworks */ = {
			isa = PBXShellScriptBuildPhase;
			buildActionMask = 2147483647;
			files = (
			);
			inputPaths = (
				"${SRCROOT}/Pods/Target Support Files/Pods-Course Gnome/Pods-Course Gnome-frameworks.sh",
				"${BUILT_PRODUCTS_DIR}/Alamofire/Alamofire.framework",
				"${BUILT_PRODUCTS_DIR}/Alamofire-SwiftyJSON/Alamofire_SwiftyJSON.framework",
				"${BUILT_PRODUCTS_DIR}/NVActivityIndicatorView/NVActivityIndicatorView.framework",
				"${BUILT_PRODUCTS_DIR}/Realm/Realm.framework",
				"${BUILT_PRODUCTS_DIR}/RealmSwift/RealmSwift.framework",
				"${BUILT_PRODUCTS_DIR}/SearchTextField/SearchTextField.framework",
				"${BUILT_PRODUCTS_DIR}/SwiftRangeSlider/SwiftRangeSlider.framework",
				"${BUILT_PRODUCTS_DIR}/SwiftyJSON/SwiftyJSON.framework",
			);
			name = "[CP] Embed Pods Frameworks";
			outputPaths = (
				"${TARGET_BUILD_DIR}/${FRAMEWORKS_FOLDER_PATH}/Alamofire.framework",
				"${TARGET_BUILD_DIR}/${FRAMEWORKS_FOLDER_PATH}/Alamofire_SwiftyJSON.framework",
				"${TARGET_BUILD_DIR}/${FRAMEWORKS_FOLDER_PATH}/NVActivityIndicatorView.framework",
				"${TARGET_BUILD_DIR}/${FRAMEWORKS_FOLDER_PATH}/Realm.framework",
				"${TARGET_BUILD_DIR}/${FRAMEWORKS_FOLDER_PATH}/RealmSwift.framework",
				"${TARGET_BUILD_DIR}/${FRAMEWORKS_FOLDER_PATH}/SearchTextField.framework",
				"${TARGET_BUILD_DIR}/${FRAMEWORKS_FOLDER_PATH}/SwiftRangeSlider.framework",
				"${TARGET_BUILD_DIR}/${FRAMEWORKS_FOLDER_PATH}/SwiftyJSON.framework",
			);
			runOnlyForDeploymentPostprocessing = 0;
			shellPath = /bin/sh;
			shellScript = "\"${SRCROOT}/Pods/Target Support Files/Pods-Course Gnome/Pods-Course Gnome-frameworks.sh\"\n";
			showEnvVarsInLog = 0;
		};
		D1D3297D5008000F64232D8A /* [CP] Check Pods Manifest.lock */ = {
			isa = PBXShellScriptBuildPhase;
			buildActionMask = 2147483647;
			files = (
			);
			inputPaths = (
				"${PODS_PODFILE_DIR_PATH}/Podfile.lock",
				"${PODS_ROOT}/Manifest.lock",
			);
			name = "[CP] Check Pods Manifest.lock";
			outputPaths = (
				"$(DERIVED_FILE_DIR)/Pods-Course Gnome-checkManifestLockResult.txt",
			);
			runOnlyForDeploymentPostprocessing = 0;
			shellPath = /bin/sh;
			shellScript = "diff \"${PODS_PODFILE_DIR_PATH}/Podfile.lock\" \"${PODS_ROOT}/Manifest.lock\" > /dev/null\nif [ $? != 0 ] ; then\n    # print error to STDERR\n    echo \"error: The sandbox is not in sync with the Podfile.lock. Run 'pod install' or update your CocoaPods installation.\" >&2\n    exit 1\nfi\n# This output is used by Xcode 'outputs' to avoid re-running this script phase.\necho \"SUCCESS\" > \"${SCRIPT_OUTPUT_FILE_0}\"\n";
			showEnvVarsInLog = 0;
		};
/* End PBXShellScriptBuildPhase section */

/* Begin PBXSourcesBuildPhase section */
		ECF73F951FA7D2A800F030FC /* Sources */ = {
			isa = PBXSourcesBuildPhase;
			buildActionMask = 2147483647;
			files = (
				ECC8E56F1FCFAF9200E49DCE /* CalendarViewController.swift in Sources */,
				ECF5BD5F1FC4CE99006988B9 /* ProfileViewController.swift in Sources */,
				ECCB1BAA1FC54DCA00DB7EB9 /* PullCourses.swift in Sources */,
				EC5926531FCCE81C00E73268 /* CourseListViewController.swift in Sources */,
				ECCB1BAE1FC553C200DB7EB9 /* Course.swift in Sources */,
				EC5BAE141FEB61850056448F /* PersistanceManager.swift in Sources */,
				EC4F85F31FEF55F000D795B9 /* FilterNavigationController.swift in Sources */,
				ECB975161FECAB5B00989467 /* CourseDetailViewController.swift in Sources */,
				EC5A79541FC8A52900F38F34 /* TabBarController.swift in Sources */,
				ECF5BD611FC4CED6006988B9 /* SearchViewController.swift in Sources */,
				ECB975181FECAD7500989467 /* FilterViewController.swift in Sources */,
				ECF5BD651FC4D202006988B9 /* SearchNavigationController.swift in Sources */,
				ECF73F9F1FA7D2A800F030FC /* ViewController.swift in Sources */,
				ECBA71981FCDC95100B7364A /* SearchBox.swift in Sources */,
				ECF73F9D1FA7D2A800F030FC /* AppDelegate.swift in Sources */,
			);
			runOnlyForDeploymentPostprocessing = 0;
		};
/* End PBXSourcesBuildPhase section */

/* Begin PBXVariantGroup section */
		ECF73FA01FA7D2A800F030FC /* Main.storyboard */ = {
			isa = PBXVariantGroup;
			children = (
				ECF73FA11FA7D2A800F030FC /* Base */,
			);
			name = Main.storyboard;
			sourceTree = "<group>";
		};
		ECF73FA51FA7D2A800F030FC /* LaunchScreen.storyboard */ = {
			isa = PBXVariantGroup;
			children = (
				ECF73FA61FA7D2A800F030FC /* Base */,
			);
			name = LaunchScreen.storyboard;
			sourceTree = "<group>";
		};
/* End PBXVariantGroup section */

/* Begin XCBuildConfiguration section */
		ECF73FA91FA7D2A800F030FC /* Debug */ = {
			isa = XCBuildConfiguration;
			buildSettings = {
				ALWAYS_SEARCH_USER_PATHS = NO;
				CLANG_ANALYZER_NONNULL = YES;
				CLANG_ANALYZER_NUMBER_OBJECT_CONVERSION = YES_AGGRESSIVE;
				CLANG_CXX_LANGUAGE_STANDARD = "gnu++14";
				CLANG_CXX_LIBRARY = "libc++";
				CLANG_ENABLE_MODULES = YES;
				CLANG_ENABLE_OBJC_ARC = YES;
				CLANG_WARN_BLOCK_CAPTURE_AUTORELEASING = YES;
				CLANG_WARN_BOOL_CONVERSION = YES;
				CLANG_WARN_COMMA = YES;
				CLANG_WARN_CONSTANT_CONVERSION = YES;
				CLANG_WARN_DIRECT_OBJC_ISA_USAGE = YES_ERROR;
				CLANG_WARN_DOCUMENTATION_COMMENTS = YES;
				CLANG_WARN_EMPTY_BODY = YES;
				CLANG_WARN_ENUM_CONVERSION = YES;
				CLANG_WARN_INFINITE_RECURSION = YES;
				CLANG_WARN_INT_CONVERSION = YES;
				CLANG_WARN_NON_LITERAL_NULL_CONVERSION = YES;
				CLANG_WARN_OBJC_LITERAL_CONVERSION = YES;
				CLANG_WARN_OBJC_ROOT_CLASS = YES_ERROR;
				CLANG_WARN_RANGE_LOOP_ANALYSIS = YES;
				CLANG_WARN_STRICT_PROTOTYPES = YES;
				CLANG_WARN_SUSPICIOUS_MOVE = YES;
				CLANG_WARN_UNGUARDED_AVAILABILITY = YES_AGGRESSIVE;
				CLANG_WARN_UNREACHABLE_CODE = YES;
				CLANG_WARN__DUPLICATE_METHOD_MATCH = YES;
				CODE_SIGN_IDENTITY = "iPhone Developer";
				COPY_PHASE_STRIP = NO;
				DEBUG_INFORMATION_FORMAT = dwarf;
				ENABLE_STRICT_OBJC_MSGSEND = YES;
				ENABLE_TESTABILITY = YES;
				GCC_C_LANGUAGE_STANDARD = gnu11;
				GCC_DYNAMIC_NO_PIC = NO;
				GCC_NO_COMMON_BLOCKS = YES;
				GCC_OPTIMIZATION_LEVEL = 0;
				GCC_PREPROCESSOR_DEFINITIONS = (
					"DEBUG=1",
					"$(inherited)",
				);
				GCC_WARN_64_TO_32_BIT_CONVERSION = YES;
				GCC_WARN_ABOUT_RETURN_TYPE = YES_ERROR;
				GCC_WARN_UNDECLARED_SELECTOR = YES;
				GCC_WARN_UNINITIALIZED_AUTOS = YES_AGGRESSIVE;
				GCC_WARN_UNUSED_FUNCTION = YES;
				GCC_WARN_UNUSED_VARIABLE = YES;
				IPHONEOS_DEPLOYMENT_TARGET = 11.0;
				MTL_ENABLE_DEBUG_INFO = YES;
				ONLY_ACTIVE_ARCH = YES;
				SDKROOT = iphoneos;
				SWIFT_ACTIVE_COMPILATION_CONDITIONS = DEBUG;
				SWIFT_OPTIMIZATION_LEVEL = "-Onone";
				TARGETED_DEVICE_FAMILY = 1;
			};
			name = Debug;
		};
		ECF73FAA1FA7D2A800F030FC /* Release */ = {
			isa = XCBuildConfiguration;
			buildSettings = {
				ALWAYS_SEARCH_USER_PATHS = NO;
				CLANG_ANALYZER_NONNULL = YES;
				CLANG_ANALYZER_NUMBER_OBJECT_CONVERSION = YES_AGGRESSIVE;
				CLANG_CXX_LANGUAGE_STANDARD = "gnu++14";
				CLANG_CXX_LIBRARY = "libc++";
				CLANG_ENABLE_MODULES = YES;
				CLANG_ENABLE_OBJC_ARC = YES;
				CLANG_WARN_BLOCK_CAPTURE_AUTORELEASING = YES;
				CLANG_WARN_BOOL_CONVERSION = YES;
				CLANG_WARN_COMMA = YES;
				CLANG_WARN_CONSTANT_CONVERSION = YES;
				CLANG_WARN_DIRECT_OBJC_ISA_USAGE = YES_ERROR;
				CLANG_WARN_DOCUMENTATION_COMMENTS = YES;
				CLANG_WARN_EMPTY_BODY = YES;
				CLANG_WARN_ENUM_CONVERSION = YES;
				CLANG_WARN_INFINITE_RECURSION = YES;
				CLANG_WARN_INT_CONVERSION = YES;
				CLANG_WARN_NON_LITERAL_NULL_CONVERSION = YES;
				CLANG_WARN_OBJC_LITERAL_CONVERSION = YES;
				CLANG_WARN_OBJC_ROOT_CLASS = YES_ERROR;
				CLANG_WARN_RANGE_LOOP_ANALYSIS = YES;
				CLANG_WARN_STRICT_PROTOTYPES = YES;
				CLANG_WARN_SUSPICIOUS_MOVE = YES;
				CLANG_WARN_UNGUARDED_AVAILABILITY = YES_AGGRESSIVE;
				CLANG_WARN_UNREACHABLE_CODE = YES;
				CLANG_WARN__DUPLICATE_METHOD_MATCH = YES;
				CODE_SIGN_IDENTITY = "iPhone Developer";
				COPY_PHASE_STRIP = NO;
				DEBUG_INFORMATION_FORMAT = "dwarf-with-dsym";
				ENABLE_NS_ASSERTIONS = NO;
				ENABLE_STRICT_OBJC_MSGSEND = YES;
				GCC_C_LANGUAGE_STANDARD = gnu11;
				GCC_NO_COMMON_BLOCKS = YES;
				GCC_WARN_64_TO_32_BIT_CONVERSION = YES;
				GCC_WARN_ABOUT_RETURN_TYPE = YES_ERROR;
				GCC_WARN_UNDECLARED_SELECTOR = YES;
				GCC_WARN_UNINITIALIZED_AUTOS = YES_AGGRESSIVE;
				GCC_WARN_UNUSED_FUNCTION = YES;
				GCC_WARN_UNUSED_VARIABLE = YES;
				IPHONEOS_DEPLOYMENT_TARGET = 11.0;
				MTL_ENABLE_DEBUG_INFO = NO;
				ONLY_ACTIVE_ARCH = YES;
				SDKROOT = iphoneos;
				SWIFT_OPTIMIZATION_LEVEL = "-Owholemodule";
				TARGETED_DEVICE_FAMILY = 1;
				VALIDATE_PRODUCT = YES;
			};
			name = Release;
		};
		ECF73FAC1FA7D2A800F030FC /* Debug */ = {
			isa = XCBuildConfiguration;
			baseConfigurationReference = 5A1BFBF6E93E5DEE43688DEC /* Pods-Course Gnome.debug.xcconfig */;
			buildSettings = {
				ASSETCATALOG_COMPILER_APPICON_NAME = AppIcon;
				CODE_SIGN_STYLE = Automatic;
				DEVELOPMENT_TEAM = AW3JDRAG27;
				INFOPLIST_FILE = "Course Gnome/app/Info.plist";
				LD_RUNPATH_SEARCH_PATHS = "$(inherited) @executable_path/Frameworks";
				PRODUCT_BUNDLE_IDENTIFIER = com.traversy.coursegnome;
				PRODUCT_NAME = "$(TARGET_NAME)";
				SWIFT_VERSION = 4.0;
				TARGETED_DEVICE_FAMILY = "1,2";
			};
			name = Debug;
		};
		ECF73FAD1FA7D2A800F030FC /* Release */ = {
			isa = XCBuildConfiguration;
			baseConfigurationReference = D1D0B79AF72E4DBF39B2A884 /* Pods-Course Gnome.release.xcconfig */;
			buildSettings = {
				ASSETCATALOG_COMPILER_APPICON_NAME = AppIcon;
				CODE_SIGN_STYLE = Automatic;
				DEVELOPMENT_TEAM = AW3JDRAG27;
				INFOPLIST_FILE = "Course Gnome/app/Info.plist";
				LD_RUNPATH_SEARCH_PATHS = "$(inherited) @executable_path/Frameworks";
				PRODUCT_BUNDLE_IDENTIFIER = com.traversy.coursegnome;
				PRODUCT_NAME = "$(TARGET_NAME)";
				SWIFT_VERSION = 4.0;
				TARGETED_DEVICE_FAMILY = "1,2";
			};
			name = Release;
		};
/* End XCBuildConfiguration section */

/* Begin XCConfigurationList section */
		ECF73F941FA7D2A800F030FC /* Build configuration list for PBXProject "Course Gnome" */ = {
			isa = XCConfigurationList;
			buildConfigurations = (
				ECF73FA91FA7D2A800F030FC /* Debug */,
				ECF73FAA1FA7D2A800F030FC /* Release */,
			);
			defaultConfigurationIsVisible = 0;
			defaultConfigurationName = Release;
		};
		ECF73FAB1FA7D2A800F030FC /* Build configuration list for PBXNativeTarget "Course Gnome" */ = {
			isa = XCConfigurationList;
			buildConfigurations = (
				ECF73FAC1FA7D2A800F030FC /* Debug */,
				ECF73FAD1FA7D2A800F030FC /* Release */,
			);
			defaultConfigurationIsVisible = 0;
			defaultConfigurationName = Release;
		};
/* End XCConfigurationList section */
	};
	rootObject = ECF73F911FA7D2A800F030FC /* Project object */;
}
